
Microsoft Visual Studio Solution File, Format Version 12.00
# Visual Studio 15
Project("{FAE04EC0-301F-11D3-BF4B-00C04F79EFBC}") = "NaughtyAttributes.Test", "NaughtyAttributes.Test.csproj", "{E37609CA-B673-CCCA-8DCC-848440F263DE}"
EndProject
Project("{FAE04EC0-301F-11D3-BF4B-00C04F79EFBC}") = "NaughtyAttributes.Core", "NaughtyAttributes.Core.csproj", "{1A43BDA5-54BC-AB3E-7915-7912AD295F3D}"
EndProject
Project("{FAE04EC0-301F-11D3-BF4B-00C04F79EFBC}") = "Assembly-CSharp", "Assembly-CSharp.csproj", "{B9A8473B-F67E-6E54-70D8-5D901CA22712}"
EndProject
Project("{FAE04EC0-301F-11D3-BF4B-00C04F79EFBC}") = "DefOfInput", "DefOfInput.csproj", "{3BD96113-EB97-DFB6-31EA-B7654E97E5F8}"
EndProject
Project("{FAE04EC0-301F-11D3-BF4B-00C04F79EFBC}") = "Definition", "Definition.csproj", "{7BB94E30-3EE5-808D-8E71-5EFDA74A7429}"
EndProject
Project("{FAE04EC0-301F-11D3-BF4B-00C04F79EFBC}") = "NaughtyAttributes.Editor", "NaughtyAttributes.Editor.csproj", "{59781044-7716-7559-230E-A4124F2B39A8}"
EndProject
Project("{FAE04EC0-301F-11D3-BF4B-00C04F79EFBC}") = "Assembly-CSharp-Editor", "Assembly-CSharp-Editor.csproj", "{906CB2D5-E730-EEE2-23AA-D1C1E9687C39}"
EndProject
Global
	GlobalSection(SolutionConfigurationPlatforms) = preSolution
		Debug|Any CPU = Debug|Any CPU
		Release|Any CPU = Release|Any CPU
	EndGlobalSection
	GlobalSection(ProjectConfigurationPlatforms) = postSolution
		{E37609CA-B673-CCCA-8DCC-848440F263DE}.Debug|Any CPU.ActiveCfg = Debug|Any CPU
		{E37609CA-B673-CCCA-8DCC-848440F263DE}.Debug|Any CPU.Build.0 = Debug|Any CPU
		{E37609CA-B673-CCCA-8DCC-848440F263DE}.Release|Any CPU.ActiveCfg = Release|Any CPU
		{E37609CA-B673-CCCA-8DCC-848440F263DE}.Release|Any CPU.Build.0 = Release|Any CPU
		{1A43BDA5-54BC-AB3E-7915-7912AD295F3D}.Debug|Any CPU.ActiveCfg = Debug|Any CPU
		{1A43BDA5-54BC-AB3E-7915-7912AD295F3D}.Debug|Any CPU.Build.0 = Debug|Any CPU
		{1A43BDA5-54BC-AB3E-7915-7912AD295F3D}.Release|Any CPU.ActiveCfg = Release|Any CPU
		{1A43BDA5-54BC-AB3E-7915-7912AD295F3D}.Release|Any CPU.Build.0 = Release|Any CPU
		{B9A8473B-F67E-6E54-70D8-5D901CA22712}.Debug|Any CPU.ActiveCfg = Debug|Any CPU
		{B9A8473B-F67E-6E54-70D8-5D901CA22712}.Debug|Any CPU.Build.0 = Debug|Any CPU
		{B9A8473B-F67E-6E54-70D8-5D901CA22712}.Release|Any CPU.ActiveCfg = Release|Any CPU
		{B9A8473B-F67E-6E54-70D8-5D901CA22712}.Release|Any CPU.Build.0 = Release|Any CPU
		{3BD96113-EB97-DFB6-31EA-B7654E97E5F8}.Debug|Any CPU.ActiveCfg = Debug|Any CPU
		{3BD96113-EB97-DFB6-31EA-B7654E97E5F8}.Debug|Any CPU.Build.0 = Debug|Any CPU
		{3BD96113-EB97-DFB6-31EA-B7654E97E5F8}.Release|Any CPU.ActiveCfg = Release|Any CPU
		{3BD96113-EB97-DFB6-31EA-B7654E97E5F8}.Release|Any CPU.Build.0 = Release|Any CPU
		{7BB94E30-3EE5-808D-8E71-5EFDA74A7429}.Debug|Any CPU.ActiveCfg = Debug|Any CPU
		{7BB94E30-3EE5-808D-8E71-5EFDA74A7429}.Debug|Any CPU.Build.0 = Debug|Any CPU
		{7BB94E30-3EE5-808D-8E71-5EFDA74A7429}.Release|Any CPU.ActiveCfg = Release|Any CPU
		{7BB94E30-3EE5-808D-8E71-5EFDA74A7429}.Release|Any CPU.Build.0 = Release|Any CPU
		{59781044-7716-7559-230E-A4124F2B39A8}.Debug|Any CPU.ActiveCfg = Debug|Any CPU
		{59781044-7716-7559-230E-A4124F2B39A8}.Debug|Any CPU.Build.0 = Debug|Any CPU
		{59781044-7716-7559-230E-A4124F2B39A8}.Release|Any CPU.ActiveCfg = Release|Any CPU
		{59781044-7716-7559-230E-A4124F2B39A8}.Release|Any CPU.Build.0 = Release|Any CPU
		{906CB2D5-E730-EEE2-23AA-D1C1E9687C39}.Debug|Any CPU.ActiveCfg = Debug|Any CPU
		{906CB2D5-E730-EEE2-23AA-D1C1E9687C39}.Debug|Any CPU.Build.0 = Debug|Any CPU
		{906CB2D5-E730-EEE2-23AA-D1C1E9687C39}.Release|Any CPU.ActiveCfg = Release|Any CPU
		{906CB2D5-E730-EEE2-23AA-D1C1E9687C39}.Release|Any CPU.Build.0 = Release|Any CPU
	EndGlobalSection
	GlobalSection(SolutionProperties) = preSolution
		HideSolutionNode = FALSE
	EndGlobalSection
EndGlobal
